Microsoft Visual Studio Solution File, Format Version 12.00
Project("{2150E333-8FDC-42A3-9474-1A3956D46DE8}") = "Tools", "Tools", "{9C84CD73-195E-4968-ABBF-743AB4896B6E}"
EndProject
Project("{2150E333-8FDC-42A3-9474-1A3956D46DE8}") = "Frontend", "Frontend", "{47AA9F23-3C7E-4EBF-97C1-3CFB2A54B87D}"
EndProject
Project("{2150E333-8FDC-42A3-9474-1A3956D46DE8}") = "Backend", "Backend", "{A6F2A6FA-23D3-4E2A-AC9C-473F5CD687CE}"
EndProject
Project("{FAE04EC0-301F-11D3-BF4B-00C04F79EFBC}") = "Framework", "Backend\Framework\Framework.csproj", "{6C43469C-45CF-45C8-AAE9-6BCD342ADBC5}"
EndProject
Project("{FAE04EC0-301F-11D3-BF4B-00C04F79EFBC}") = "Presentation", "Backend\Presentation\Presentation.csproj", "{AA10A5DC-8AE9-4CCB-B2DC-C274FC75A772}"
EndProject
Project("{FAE04EC0-301F-11D3-BF4B-00C04F79EFBC}") = "Application", "Backend\Application\Application.csproj", "{E6CA0545-2136-4389-9676-4DB9741938CD}"
EndProject
Project("{FAE04EC0-301F-11D3-BF4B-00C04F79EFBC}") = "Core", "Backend\Core\Core.csproj", "{929947A9-AD12-4291-BFBD-53578B945C19}"
EndProject
Project("{FAE04EC0-301F-11D3-BF4B-00C04F79EFBC}") = "Infrastructure", "Backend\Infrastructure\Infrastructure.csproj", "{F9E3B724-7F9E-4974-9ED1-4D20DB94225A}"
EndProject
Project("{2150E333-8FDC-42A3-9474-1A3956D46DE8}") = "Solution Items", "Solution Items", "{0FEEBE80-FC4A-4BAD-8715-4BB69A62C86A}"
	ProjectSection(SolutionItems) = preProject
		Directory.Build.props = Directory.Build.props
		ApiTemplate.sln.DotSettings = ApiTemplate.sln.DotSettings
		.gitignore = .gitignore
	EndProjectSection
EndProject
Project("{FAE04EC0-301F-11D3-BF4B-00C04F79EFBC}") = "Aspire", "Aspire\Aspire.csproj", "{8CF9FB84-123E-40A2-9676-24E694A77F18}"
EndProject
Global
	GlobalSection(SolutionConfigurationPlatforms) = preSolution
		Debug|x64 = Debug|x64
		Debug|ARM64 = Debug|ARM64
		Release|x64 = Release|x64
		Release|ARM64 = Release|ARM64
	EndGlobalSection
	GlobalSection(ProjectConfigurationPlatforms) = postSolution
		{6C43469C-45CF-45C8-AAE9-6BCD342ADBC5}.Debug|x64.ActiveCfg = Debug|x64
		{6C43469C-45CF-45C8-AAE9-6BCD342ADBC5}.Debug|x64.Build.0 = Debug|x64
		{6C43469C-45CF-45C8-AAE9-6BCD342ADBC5}.Debug|ARM64.ActiveCfg = Debug|ARM64
		{6C43469C-45CF-45C8-AAE9-6BCD342ADBC5}.Debug|ARM64.Build.0 = Debug|ARM64
		{6C43469C-45CF-45C8-AAE9-6BCD342ADBC5}.Release|x64.ActiveCfg = Release|x64
		{6C43469C-45CF-45C8-AAE9-6BCD342ADBC5}.Release|x64.Build.0 = Release|x64
		{6C43469C-45CF-45C8-AAE9-6BCD342ADBC5}.Release|ARM64.ActiveCfg = Release|ARM64
		{6C43469C-45CF-45C8-AAE9-6BCD342ADBC5}.Release|ARM64.Build.0 = Release|ARM64

		{AA10A5DC-8AE9-4CCB-B2DC-C274FC75A772}.Debug|x64.ActiveCfg = Debug|x64
		{AA10A5DC-8AE9-4CCB-B2DC-C274FC75A772}.Debug|x64.Build.0 = Debug|x64
		{AA10A5DC-8AE9-4CCB-B2DC-C274FC75A772}.Debug|ARM64.ActiveCfg = Debug|ARM64
		{AA10A5DC-8AE9-4CCB-B2DC-C274FC75A772}.Debug|ARM64.Build.0 = Debug|ARM64
		{AA10A5DC-8AE9-4CCB-B2DC-C274FC75A772}.Release|x64.ActiveCfg = Release|x64
		{AA10A5DC-8AE9-4CCB-B2DC-C274FC75A772}.Release|x64.Build.0 = Release|x64
		{AA10A5DC-8AE9-4CCB-B2DC-C274FC75A772}.Release|ARM64.ActiveCfg = Release|ARM64
		{AA10A5DC-8AE9-4CCB-B2DC-C274FC75A772}.Release|ARM64.Build.0 = Release|ARM64

		{E6CA0545-2136-4389-9676-4DB9741938CD}.Debug|x64.ActiveCfg = Debug|x64
		{E6CA0545-2136-4389-9676-4DB9741938CD}.Debug|x64.Build.0 = Debug|x64
		{E6CA0545-2136-4389-9676-4DB9741938CD}.Debug|ARM64.ActiveCfg = Debug|ARM64
		{E6CA0545-2136-4389-9676-4DB9741938CD}.Debug|ARM64.Build.0 = Debug|ARM64
		{E6CA0545-2136-4389-9676-4DB9741938CD}.Release|x64.ActiveCfg = Release|x64
		{E6CA0545-2136-4389-9676-4DB9741938CD}.Release|x64.Build.0 = Release|x64
		{E6CA0545-2136-4389-9676-4DB9741938CD}.Release|ARM64.ActiveCfg = Release|ARM64
		{E6CA0545-2136-4389-9676-4DB9741938CD}.Release|ARM64.Build.0 = Release|ARM64

		{929947A9-AD12-4291-BFBD-53578B945C19}.Debug|x64.ActiveCfg = Debug|x64
		{929947A9-AD12-4291-BFBD-53578B945C19}.Debug|x64.Build.0 = Debug|x64
		{929947A9-AD12-4291-BFBD-53578B945C19}.Debug|ARM64.ActiveCfg = Debug|ARM64
		{929947A9-AD12-4291-BFBD-53578B945C19}.Debug|ARM64.Build.0 = Debug|ARM64
		{929947A9-AD12-4291-BFBD-53578B945C19}.Release|x64.ActiveCfg = Release|x64
		{929947A9-AD12-4291-BFBD-53578B945C19}.Release|x64.Build.0 = Release|x64
		{929947A9-AD12-4291-BFBD-53578B945C19}.Release|ARM64.ActiveCfg = Release|ARM64
		{929947A9-AD12-4291-BFBD-53578B945C19}.Release|ARM64.Build.0 = Release|ARM64

		{F9E3B724-7F9E-4974-9ED1-4D20DB94225A}.Debug|x64.ActiveCfg = Debug|x64
		{F9E3B724-7F9E-4974-9ED1-4D20DB94225A}.Debug|x64.Build.0 = Debug|x64
		{F9E3B724-7F9E-4974-9ED1-4D20DB94225A}.Debug|ARM64.ActiveCfg = Debug|ARM64
		{F9E3B724-7F9E-4974-9ED1-4D20DB94225A}.Debug|ARM64.Build.0 = Debug|ARM64
		{F9E3B724-7F9E-4974-9ED1-4D20DB94225A}.Release|x64.ActiveCfg = Release|x64
		{F9E3B724-7F9E-4974-9ED1-4D20DB94225A}.Release|x64.Build.0 = Release|x64
		{F9E3B724-7F9E-4974-9ED1-4D20DB94225A}.Release|ARM64.ActiveCfg = Release|ARM64
		{F9E3B724-7F9E-4974-9ED1-4D20DB94225A}.Release|ARM64.Build.0 = Release|ARM64

		{8CF9FB84-123E-40A2-9676-24E694A77F18}.Debug|x64.ActiveCfg = Debug|x64
		{8CF9FB84-123E-40A2-9676-24E694A77F18}.Debug|x64.Build.0 = Debug|x64
		{8CF9FB84-123E-40A2-9676-24E694A77F18}.Debug|ARM64.ActiveCfg = Debug|ARM64
		{8CF9FB84-123E-40A2-9676-24E694A77F18}.Debug|ARM64.Build.0 = Debug|ARM64
	EndGlobalSection
	GlobalSection(NestedProjects) = preSolution
		{6C43469C-45CF-45C8-AAE9-6BCD342ADBC5} = {A6F2A6FA-23D3-4E2A-AC9C-473F5CD687CE}
		{AA10A5DC-8AE9-4CCB-B2DC-C274FC75A772} = {A6F2A6FA-23D3-4E2A-AC9C-473F5CD687CE}
		{E6CA0545-2136-4389-9676-4DB9741938CD} = {A6F2A6FA-23D3-4E2A-AC9C-473F5CD687CE}
		{929947A9-AD12-4291-BFBD-53578B945C19} = {A6F2A6FA-23D3-4E2A-AC9C-473F5CD687CE}
		{F9E3B724-7F9E-4974-9ED1-4D20DB94225A} = {A6F2A6FA-23D3-4E2A-AC9C-473F5CD687CE}
		{8CF9FB84-123E-40A2-9676-24E694A77F18} = {9C84CD73-195E-4968-ABBF-743AB4896B6E}
	EndGlobalSection
EndGlobal
